// !$*UTF8*$!
{
	archiveVersion = 1;
	classes = {
	};
	objectVersion = 55;
	objects = {

/* Begin PBXBuildFile section */
		B27F1F6828EBA20800022323 /* AppDelegate.swift in Sources */ = {isa = PBXBuildFile; fileRef = B27F1F6728EBA20800022323 /* AppDelegate.swift */; };
		B27F1F6A28EBA20800022323 /* SceneDelegate.swift in Sources */ = {isa = PBXBuildFile; fileRef = B27F1F6928EBA20800022323 /* SceneDelegate.swift */; };
		B27F1F6C28EBA20800022323 /* ViewController.swift in Sources */ = {isa = PBXBuildFile; fileRef = B27F1F6B28EBA20800022323 /* ViewController.swift */; };
		B27F1F6F28EBA20800022323 /* Main.storyboard in Resources */ = {isa = PBXBuildFile; fileRef = B27F1F6D28EBA20800022323 /* Main.storyboard */; };
		B27F1F7128EBA20800022323 /* Assets.xcassets in Resources */ = {isa = PBXBuildFile; fileRef = B27F1F7028EBA20800022323 /* Assets.xcassets */; };
		B27F1F7428EBA20800022323 /* LaunchScreen.storyboard in Resources */ = {isa = PBXBuildFile; fileRef = B27F1F7228EBA20800022323 /* LaunchScreen.storyboard */; };
		B27F1F7F28EBA20900022323 /* Flashcards_2Tests.swift in Sources */ = {isa = PBXBuildFile; fileRef = B27F1F7E28EBA20900022323 /* Flashcards_2Tests.swift */; };
		B27F1F8928EBA20900022323 /* Flashcards_2UITests.swift in Sources */ = {isa = PBXBuildFile; fileRef = B27F1F8828EBA20900022323 /* Flashcards_2UITests.swift */; };
		B27F1F8B28EBA20900022323 /* Flashcards_2UITestsLaunchTests.swift in Sources */ = {isa = PBXBuildFile; fileRef = B27F1F8A28EBA20900022323 /* Flashcards_2UITestsLaunchTests.swift */; };
		B27F1F9828EBD9EF00022323 /* CreationViewController.swift in Sources */ = {isa = PBXBuildFile; fileRef = B27F1F9728EBD9EF00022323 /* CreationViewController.swift */; };
		B27F1F9928EBD9EF00022323 /* CreationViewController.swift in Sources */ = {isa = PBXBuildFile; fileRef = B27F1F9728EBD9EF00022323 /* CreationViewController.swift */; };
		B27F1F9A28EBD9EF00022323 /* CreationViewController.swift in Sources */ = {isa = PBXBuildFile; fileRef = B27F1F9728EBD9EF00022323 /* CreationViewController.swift */; };
/* End PBXBuildFile section */

/* Begin PBXContainerItemProxy section */
		B27F1F7B28EBA20900022323 /* PBXContainerItemProxy */ = {
			isa = PBXContainerItemProxy;
			containerPortal = B27F1F5C28EBA20800022323 /* Project object */;
			proxyType = 1;
			remoteGlobalIDString = B27F1F6328EBA20800022323;
			remoteInfo = "Flashcards 2";
		};
		B27F1F8528EBA20900022323 /* PBXContainerItemProxy */ = {
			isa = PBXContainerItemProxy;
			containerPortal = B27F1F5C28EBA20800022323 /* Project object */;
			proxyType = 1;
			remoteGlobalIDString = B27F1F6328EBA20800022323;
			remoteInfo = "Flashcards 2";
		};
/* End PBXContainerItemProxy section */

/* Begin PBXFileReference section */
		B27F1F6428EBA20800022323 /* Flashcards 2.app */ = {isa = PBXFileReference; explicitFileType = wrapper.application; includeInIndex = 0; path = "Flashcards 2.app"; sourceTree = BUILT_PRODUCTS_DIR; };
		B27F1F6728EBA20800022323 /* AppDelegate.swift */ = {isa = PBXFileReference; lastKnownFileType = sourcecode.swift; path = AppDelegate.swift; sourceTree = "<group>"; };
		B27F1F6928EBA20800022323 /* SceneDelegate.swift */ = {isa = PBXFileReference; lastKnownFileType = sourcecode.swift; path = SceneDelegate.swift; sourceTree = "<group>"; };
		B27F1F6B28EBA20800022323 /* ViewController.swift */ = {isa = PBXFileReference; lastKnownFileType = sourcecode.swift; path = ViewController.swift; sourceTree = "<group>"; };
		B27F1F6E28EBA20800022323 /* Base */ = {isa = PBXFileReference; lastKnownFileType = file.storyboard; name = Base; path = Base.lproj/Main.storyboard; sourceTree = "<group>"; };
		B27F1F7028EBA20800022323 /* Assets.xcassets */ = {isa = PBXFileReference; lastKnownFileType = folder.assetcatalog; path = Assets.xcassets; sourceTree = "<group>"; };
		B27F1F7328EBA20800022323 /* Base */ = {isa = PBXFileReference; lastKnownFileType = file.storyboard; name = Base; path = Base.lproj/LaunchScreen.storyboard; sourceTree = "<group>"; };
		B27F1F7528EBA20800022323 /* Info.plist */ = {isa = PBXFileReference; lastKnownFileType = text.plist.xml; path = Info.plist; sourceTree = "<group>"; };
		B27F1F7A28EBA20900022323 /* Flashcards 2Tests.xctest */ = {isa = PBXFileReference; explicitFileType = wrapper.cfbundle; includeInIndex = 0; path = "Flashcards 2Tests.xctest"; sourceTree = BUILT_PRODUCTS_DIR; };
		B27F1F7E28EBA20900022323 /* Flashcards_2Tests.swift */ = {isa = PBXFileReference; lastKnownFileType = sourcecode.swift; path = Flashcards_2Tests.swift; sourceTree = "<group>"; };
		B27F1F8428EBA20900022323 /* Flashcards 2UITests.xctest */ = {isa = PBXFileReference; explicitFileType = wrapper.cfbundle; includeInIndex = 0; path = "Flashcards 2UITests.xctest"; sourceTree = BUILT_PRODUCTS_DIR; };
		B27F1F8828EBA20900022323 /* Flashcards_2UITests.swift */ = {isa = PBXFileReference; lastKnownFileType = sourcecode.swift; path = Flashcards_2UITests.swift; sourceTree = "<group>"; };
		B27F1F8A28EBA20900022323 /* Flashcards_2UITestsLaunchTests.swift */ = {isa = PBXFileReference; lastKnownFileType = sourcecode.swift; path = Flashcards_2UITestsLaunchTests.swift; sourceTree = "<group>"; };
		B27F1F9728EBD9EF00022323 /* CreationViewController.swift */ = {isa = PBXFileReference; lastKnownFileType = sourcecode.swift; path = CreationViewController.swift; sourceTree = "<group>"; };
/* End PBXFileReference section */

/* Begin PBXFrameworksBuildPhase section */
		B27F1F6128EBA20800022323 /* Frameworks */ = {
			isa = PBXFrameworksBuildPhase;
			buildActionMask = 2147483647;
			files = (
			);
			runOnlyForDeploymentPostprocessing = 0;
		};
		B27F1F7728EBA20900022323 /* Frameworks */ = {
			isa = PBXFrameworksBuildPhase;
			buildActionMask = 2147483647;
			files = (
			);
			runOnlyForDeploymentPostprocessing = 0;
		};
		B27F1F8128EBA20900022323 /* Frameworks */ = {
			isa = PBXFrameworksBuildPhase;
			buildActionMask = 2147483647;
			files = (
			);
			runOnlyForDeploymentPostprocessing = 0;
		};
/* End PBXFrameworksBuildPhase section */

/* Begin PBXGroup section */
		B27F1F5B28EBA20800022323 = {
			isa = PBXGroup;
			children = (
				B27F1F6628EBA20800022323 /* Flashcards 2 */,
				B27F1F7D28EBA20900022323 /* Flashcards 2Tests */,
				B27F1F8728EBA20900022323 /* Flashcards 2UITests */,
				B27F1F6528EBA20800022323 /* Products */,
			);
			sourceTree = "<group>";
		};
		B27F1F6528EBA20800022323 /* Products */ = {
			isa = PBXGroup;
			children = (
				B27F1F6428EBA20800022323 /* Flashcards 2.app */,
				B27F1F7A28EBA20900022323 /* Flashcards 2Tests.xctest */,
				B27F1F8428EBA20900022323 /* Flashcards 2UITests.xctest */,
			);
			name = Products;
			sourceTree = "<group>";
		};
		B27F1F6628EBA20800022323 /* Flashcards 2 */ = {
			isa = PBXGroup;
			children = (
				B27F1F6728EBA20800022323 /* AppDelegate.swift */,
				B27F1F6928EBA20800022323 /* SceneDelegate.swift */,
				B27F1F6B28EBA20800022323 /* ViewController.swift */,
				B27F1F6D28EBA20800022323 /* Main.storyboard */,
				B27F1F9728EBD9EF00022323 /* CreationViewController.swift */,
				B27F1F7028EBA20800022323 /* Assets.xcassets */,
				B27F1F7228EBA20800022323 /* LaunchScreen.storyboard */,
				B27F1F7528EBA20800022323 /* Info.plist */,
			);
			path = "Flashcards 2";
			sourceTree = "<group>";
		};
		B27F1F7D28EBA20900022323 /* Flashcards 2Tests */ = {
			isa = PBXGroup;
			children = (
				B27F1F7E28EBA20900022323 /* Flashcards_2Tests.swift */,
			);
			path = "Flashcards 2Tests";
			sourceTree = "<group>";
		};
		B27F1F8728EBA20900022323 /* Flashcards 2UITests */ = {
			isa = PBXGroup;
			children = (
				B27F1F8828EBA20900022323 /* Flashcards_2UITests.swift */,
				B27F1F8A28EBA20900022323 /* Flashcards_2UITestsLaunchTests.swift */,
			);
			path = "Flashcards 2UITests";
			sourceTree = "<group>";
		};
/* End PBXGroup section */

/* Begin PBXNativeTarget section */
		B27F1F6328EBA20800022323 /* Flashcards 2 */ = {
			isa = PBXNativeTarget;
			buildConfigurationList = B27F1F8E28EBA20900022323 /* Build configuration list for PBXNativeTarget "Flashcards 2" */;
			buildPhases = (
				B27F1F6028EBA20800022323 /* Sources */,
				B27F1F6128EBA20800022323 /* Frameworks */,
				B27F1F6228EBA20800022323 /* Resources */,
			);
			buildRules = (
			);
			dependencies = (
			);
			name = "Flashcards 2";
			productName = "Flashcards 2";
			productReference = B27F1F6428EBA20800022323 /* Flashcards 2.app */;
			productType = "com.apple.product-type.application";
		};
		B27F1F7928EBA20900022323 /* Flashcards 2Tests */ = {
			isa = PBXNativeTarget;
			buildConfigurationList = B27F1F9128EBA20900022323 /* Build configuration list for PBXNativeTarget "Flashcards 2Tests" */;
			buildPhases = (
				B27F1F7628EBA20900022323 /* Sources */,
				B27F1F7728EBA20900022323 /* Frameworks */,
				B27F1F7828EBA20900022323 /* Resources */,
			);
			buildRules = (
			);
			dependencies = (
				B27F1F7C28EBA20900022323 /* PBXTargetDependency */,
			);
			name = "Flashcards 2Tests";
			productName = "Flashcards 2Tests";
			productReference = B27F1F7A28EBA20900022323 /* Flashcards 2Tests.xctest */;
			productType = "com.apple.product-type.bundle.unit-test";
		};
		B27F1F8328EBA20900022323 /* Flashcards 2UITests */ = {
			isa = PBXNativeTarget;
			buildConfigurationList = B27F1F9428EBA20900022323 /* Build configuration list for PBXNativeTarget "Flashcards 2UITests" */;
			buildPhases = (
				B27F1F8028EBA20900022323 /* Sources */,
				B27F1F8128EBA20900022323 /* Frameworks */,
				B27F1F8228EBA20900022323 /* Resources */,
			);
			buildRules = (
			);
			dependencies = (
				B27F1F8628EBA20900022323 /* PBXTargetDependency */,
			);
			name = "Flashcards 2UITests";
			productName = "Flashcards 2UITests";
			productReference = B27F1F8428EBA20900022323 /* Flashcards 2UITests.xctest */;
			productType = "com.apple.product-type.bundle.ui-testing";
		};
/* End PBXNativeTarget section */

/* Begin PBXProject section */
		B27F1F5C28EBA20800022323 /* Project object */ = {
			isa = PBXProject;
			attributes = {
				BuildIndependentTargetsInParallel = 1;
				LastSwiftUpdateCheck = 1340;
				LastUpgradeCheck = 1340;
				TargetAttributes = {
					B27F1F6328EBA20800022323 = {
						CreatedOnToolsVersion = 13.4.1;
					};
					B27F1F7928EBA20900022323 = {
						CreatedOnToolsVersion = 13.4.1;
						TestTargetID = B27F1F6328EBA20800022323;
					};
					B27F1F8328EBA20900022323 = {
						CreatedOnToolsVersion = 13.4.1;
						TestTargetID = B27F1F6328EBA20800022323;
					};
				};
			};
			buildConfigurationList = B27F1F5F28EBA20800022323 /* Build configuration list for PBXProject "Flashcards 2" */;
			compatibilityVersion = "Xcode 13.0";
			developmentRegion = en;
			hasScannedForEncodings = 0;
			knownRegions = (
				en,
				Base,
			);
			mainGroup = B27F1F5B28EBA20800022323;
			productRefGroup = B27F1F6528EBA20800022323 /* Products */;
			projectDirPath = "";
			projectRoot = "";
			targets = (
				B27F1F6328EBA20800022323 /* Flashcards 2 */,
				B27F1F7928EBA20900022323 /* Flashcards 2Tests */,
				B27F1F8328EBA20900022323 /* Flashcards 2UITests */,
			);
		};
/* End PBXProject section */

/* Begin PBXResourcesBuildPhase section */
		B27F1F6228EBA20800022323 /* Resources */ = {
			isa = PBXResourcesBuildPhase;
			buildActionMask = 2147483647;
			files = (
				B27F1F7428EBA20800022323 /* LaunchScreen.storyboard in Resources */,
				B27F1F7128EBA20800022323 /* Assets.xcassets in Resources */,
				B27F1F6F28EBA20800022323 /* Main.storyboard in Resources */,
			);
			runOnlyForDeploymentPostprocessing = 0;
		};
		B27F1F7828EBA20900022323 /* Resources */ = {
			isa = PBXResourcesBuildPhase;
			buildActionMask = 2147483647;
			files = (
			);
			runOnlyForDeploymentPostprocessing = 0;
		};
		B27F1F8228EBA20900022323 /* Resources */ = {
			isa = PBXResourcesBuildPhase;
			buildActionMask = 2147483647;
			files = (
			);
			runOnlyForDeploymentPostprocessing = 0;
		};
/* End PBXResourcesBuildPhase section */

/* Begin PBXSourcesBuildPhase section */
		B27F1F6028EBA20800022323 /* Sources */ = {
			isa = PBXSourcesBuildPhase;
			buildActionMask = 2147483647;
			files = (
				B27F1F6C28EBA20800022323 /* ViewController.swift in Sources */,
				B27F1F6828EBA20800022323 /* AppDelegate.swift in Sources */,
				B27F1F6A28EBA20800022323 /* SceneDelegate.swift in Sources */,
				B27F1F9828EBD9EF00022323 /* CreationViewController.swift in Sources */,
			);
			runOnlyForDeploymentPostprocessing = 0;
		};
		B27F1F7628EBA20900022323 /* Sources */ = {
			isa = PBXSourcesBuildPhase;
			buildActionMask = 2147483647;
			files = (
				B27F1F7F28EBA20900022323 /* Flashcards_2Tests.swift in Sources */,
				B27F1F9928EBD9EF00022323 /* CreationViewController.swift in Sources */,
			);
			runOnlyForDeploymentPostprocessing = 0;
		};
		B27F1F8028EBA20900022323 /* Sources */ = {
			isa = PBXSourcesBuildPhase;
			buildActionMask = 2147483647;
			files = (
				B27F1F8B28EBA20900022323 /* Flashcards_2UITestsLaunchTests.swift in Sources */,
				B27F1F8928EBA20900022323 /* Flashcards_2UITests.swift in Sources */,
				B27F1F9A28EBD9EF00022323 /* CreationViewController.swift in Sources */,
			);
			runOnlyForDeploymentPostprocessing = 0;
		};
/* End PBXSourcesBuildPhase section */

/* Begin PBXTargetDependency section */
		B27F1F7C28EBA20900022323 /* PBXTargetDependency */ = {
			isa = PBXTargetDependency;
			target = B27F1F6328EBA20800022323 /* Flashcards 2 */;
			targetProxy = B27F1F7B28EBA20900022323 /* PBXContainerItemProxy */;
		};
		B27F1F8628EBA20900022323 /* PBXTargetDependency */ = {
			isa = PBXTargetDependency;
			target = B27F1F6328EBA20800022323 /* Flashcards 2 */;
			targetProxy = B27F1F8528EBA20900022323 /* PBXContainerItemProxy */;
		};
/* End PBXTargetDependency section */

/* Begin PBXVariantGroup section */
		B27F1F6D28EBA20800022323 /* Main.storyboard */ = {
			isa = PBXVariantGroup;
			children = (
				B27F1F6E28EBA20800022323 /* Base */,
			);
			name = Main.storyboard;
			sourceTree = "<group>";
		};
		B27F1F7228EBA20800022323 /* LaunchScreen.storyboard */ = {
			isa = PBXVariantGroup;
			children = (
				B27F1F7328EBA20800022323 /* Base */,
			);
			name = LaunchScreen.storyboard;
			sourceTree = "<group>";
		};
/* End PBXVariantGroup section */

/* Begin XCBuildConfiguration section */
		B27F1F8C28EBA20900022323 /* Debug */ = {
			isa = XCBuildConfiguration;
			buildSettings = {
				ALWAYS_SEARCH_USER_PATHS = NO;
				CLANG_ANALYZER_NONNULL = YES;
				CLANG_ANALYZER_NUMBER_OBJECT_CONVERSION = YES_AGGRESSIVE;
				CLANG_CXX_LANGUAGE_STANDARD = "gnu++17";
				CLANG_ENABLE_MODULES = YES;
				CLANG_ENABLE_OBJC_ARC = YES;
				CLANG_ENABLE_OBJC_WEAK = YES;
				CLANG_WARN_BLOCK_CAPTURE_AUTORELEASING = YES;
				CLANG_WARN_BOOL_CONVERSION = YES;
				CLANG_WARN_COMMA = YES;
				CLANG_WARN_CONSTANT_CONVERSION = YES;
				CLANG_WARN_DEPRECATED_OBJC_IMPLEMENTATIONS = YES;
				CLANG_WARN_DIRECT_OBJC_ISA_USAGE = YES_ERROR;
				CLANG_WARN_DOCUMENTATION_COMMENTS = YES;
				CLANG_WARN_EMPTY_BODY = YES;
				CLANG_WARN_ENUM_CONVERSION = YES;
				CLANG_WARN_INFINITE_RECURSION = YES;
				CLANG_WARN_INT_CONVERSION = YES;
				CLANG_WARN_NON_LITERAL_NULL_CONVERSION = YES;
				CLANG_WARN_OBJC_IMPLICIT_RETAIN_SELF = YES;
				CLANG_WARN_OBJC_LITERAL_CONVERSION = YES;
				CLANG_WARN_OBJC_ROOT_CLASS = YES_ERROR;
				CLANG_WARN_QUOTED_INCLUDE_IN_FRAMEWORK_HEADER = YES;
				CLANG_WARN_RANGE_LOOP_ANALYSIS = YES;
				CLANG_WARN_STRICT_PROTOTYPES = YES;
				CLANG_WARN_SUSPICIOUS_MOVE = YES;
				CLANG_WARN_UNGUARDED_AVAILABILITY = YES_AGGRESSIVE;
				CLANG_WARN_UNREACHABLE_CODE = YES;
				CLANG_WARN__DUPLICATE_METHOD_MATCH = YES;
				COPY_PHASE_STRIP = NO;
				DEBUG_INFORMATION_FORMAT = dwarf;
				ENABLE_STRICT_OBJC_MSGSEND = YES;
				ENABLE_TESTABILITY = YES;
				GCC_C_LANGUAGE_STANDARD = gnu11;
				GCC_DYNAMIC_NO_PIC = NO;
				GCC_NO_COMMON_BLOCKS = YES;
				GCC_OPTIMIZATION_LEVEL = 0;
				GCC_PREPROCESSOR_DEFINITIONS = (
					"DEBUG=1",
					"$(inherited)",
				);
				GCC_WARN_64_TO_32_BIT_CONVERSION = YES;
				GCC_WARN_ABOUT_RETURN_TYPE = YES_ERROR;
				GCC_WARN_UNDECLARED_SELECTOR = YES;
				GCC_WARN_UNINITIALIZED_AUTOS = YES_AGGRESSIVE;
				GCC_WARN_UNUSED_FUNCTION = YES;
				GCC_WARN_UNUSED_VARIABLE = YES;
				IPHONEOS_DEPLOYMENT_TARGET = 15.5;
				MTL_ENABLE_DEBUG_INFO = INCLUDE_SOURCE;
				MTL_FAST_MATH = YES;
				ONLY_ACTIVE_ARCH = YES;
				SDKROOT = iphoneos;
				SWIFT_ACTIVE_COMPILATION_CONDITIONS = DEBUG;
				SWIFT_OPTIMIZATION_LEVEL = "-Onone";
			};
			name = Debug;
		};
		B27F1F8D28EBA20900022323 /* Release */ = {
			isa = XCBuildConfiguration;
			buildSettings = {
				ALWAYS_SEARCH_USER_PATHS = NO;
				CLANG_ANALYZER_NONNULL = YES;
				CLANG_ANALYZER_NUMBER_OBJECT_CONVERSION = YES_AGGRESSIVE;
				CLANG_CXX_LANGUAGE_STANDARD = "gnu++17";
				CLANG_ENABLE_MODULES = YES;
				CLANG_ENABLE_OBJC_ARC = YES;
				CLANG_ENABLE_OBJC_WEAK = YES;
				CLANG_WARN_BLOCK_CAPTURE_AUTORELEASING = YES;
				CLANG_WARN_BOOL_CONVERSION = YES;
				CLANG_WARN_COMMA = YES;
				CLANG_WARN_CONSTANT_CONVERSION = YES;
				CLANG_WARN_DEPRECATED_OBJC_IMPLEMENTATIONS = YES;
				CLANG_WARN_DIRECT_OBJC_ISA_USAGE = YES_ERROR;
				CLANG_WARN_DOCUMENTATION_COMMENTS = YES;
				CLANG_WARN_EMPTY_BODY = YES;
				CLANG_WARN_ENUM_CONVERSION = YES;
				CLANG_WARN_INFINITE_RECURSION = YES;
				CLANG_WARN_INT_CONVERSION = YES;
				CLANG_WARN_NON_LITERAL_NULL_CONVERSION = YES;
				CLANG_WARN_OBJC_IMPLICIT_RETAIN_SELF = YES;
				CLANG_WARN_OBJC_LITERAL_CONVERSION = YES;
				CLANG_WARN_OBJC_ROOT_CLASS = YES_ERROR;
				CLANG_WARN_QUOTED_INCLUDE_IN_FRAMEWORK_HEADER = YES;
				CLANG_WARN_RANGE_LOOP_ANALYSIS = YES;
				CLANG_WARN_STRICT_PROTOTYPES = YES;
				CLANG_WARN_SUSPICIOUS_MOVE = YES;
				CLANG_WARN_UNGUARDED_AVAILABILITY = YES_AGGRESSIVE;
				CLANG_WARN_UNREACHABLE_CODE = YES;
				CLANG_WARN__DUPLICATE_METHOD_MATCH = YES;
				COPY_PHASE_STRIP = NO;
				DEBUG_INFORMATION_FORMAT = "dwarf-with-dsym";
				ENABLE_NS_ASSERTIONS = NO;
				ENABLE_STRICT_OBJC_MSGSEND = YES;
				GCC_C_LANGUAGE_STANDARD = gnu11;
				GCC_NO_COMMON_BLOCKS = YES;
				GCC_WARN_64_TO_32_BIT_CONVERSION = YES;
				GCC_WARN_ABOUT_RETURN_TYPE = YES_ERROR;
				GCC_WARN_UNDECLARED_SELECTOR = YES;
				GCC_WARN_UNINITIALIZED_AUTOS = YES_AGGRESSIVE;
				GCC_WARN_UNUSED_FUNCTION = YES;
				GCC_WARN_UNUSED_VARIABLE = YES;
				IPHONEOS_DEPLOYMENT_TARGET = 15.5;
				MTL_ENABLE_DEBUG_INFO = NO;
				MTL_FAST_MATH = YES;
				SDKROOT = iphoneos;
				SWIFT_COMPILATION_MODE = wholemodule;
				SWIFT_OPTIMIZATION_LEVEL = "-O";
				VALIDATE_PRODUCT = YES;
			};
			name = Release;
		};
		B27F1F8F28EBA20900022323 /* Debug */ = {
			isa = XCBuildConfiguration;
			buildSettings = {
				ASSETCATALOG_COMPILER_APPICON_NAME = AppIcon;
				ASSETCATALOG_COMPILER_GLOBAL_ACCENT_COLOR_NAME = AccentColor;
				CODE_SIGN_STYLE = Automatic;
				CURRENT_PROJECT_VERSION = 1;
				GENERATE_INFOPLIST_FILE = YES;
				INFOPLIST_FILE = "Flashcards 2/Info.plist";
				INFOPLIST_KEY_UIApplicationSupportsIndirectInputEvents = YES;
				INFOPLIST_KEY_UILaunchStoryboardName = LaunchScreen;
				INFOPLIST_KEY_UIMainStoryboardFile = Main;
				INFOPLIST_KEY_UISupportedInterfaceOrientations_iPad = "UIInterfaceOrientationPortrait UIInterfaceOrientationPortraitUpsideDown UIInterfaceOrientationLandscapeLeft UIInterfaceOrientationLandscapeRight";
				INFOPLIST_KEY_UISupportedInterfaceOrientations_iPhone = "UIInterfaceOrientationPortrait UIInterfaceOrientationLandscapeLeft UIInterfaceOrientationLandscapeRight";
				LD_RUNPATH_SEARCH_PATHS = (
					"$(inherited)",
					"@executable_path/Frameworks",
				);
				MARKETING_VERSION = 1.0;
				PRODUCT_BUNDLE_IDENTIFIER = "com.vanesia.Flashcards-2";
				PRODUCT_NAME = "$(TARGET_NAME)";
				SWIFT_EMIT_LOC_STRINGS = YES;
				SWIFT_VERSION = 5.0;
				TARGETED_DEVICE_FAMILY = "1,2";
			};
			name = Debug;
		};
		B27F1F9028EBA20900022323 /* Release */ = {
			isa = XCBuildConfiguration;
			buildSettings = {
				ASSETCATALOG_COMPILER_APPICON_NAME = AppIcon;
				ASSETCATALOG_COMPILER_GLOBAL_ACCENT_COLOR_NAME = AccentColor;
				CODE_SIGN_STYLE = Automatic;
				CURRENT_PROJECT_VERSION = 1;
				GENERATE_INFOPLIST_FILE = YES;
				INFOPLIST_FILE = "Flashcards 2/Info.plist";
				INFOPLIST_KEY_UIApplicationSupportsIndirectInputEvents = YES;
				INFOPLIST_KEY_UILaunchStoryboardName = LaunchScreen;
				INFOPLIST_KEY_UIMainStoryboardFile = Main;
				INFOPLIST_KEY_UISupportedInterfaceOrientations_iPad = "UIInterfaceOrientationPortrait UIInterfaceOrientationPortraitUpsideDown UIInterfaceOrientationLandscapeLeft UIInterfaceOrientationLandscapeRight";
				INFOPLIST_KEY_UISupportedInterfaceOrientations_iPhone = "UIInterfaceOrientationPortrait UIInterfaceOrientationLandscapeLeft UIInterfaceOrientationLandscapeRight";
				LD_RUNPATH_SEARCH_PATHS = (
					"$(inherited)",
					"@executable_path/Frameworks",
				);
				MARKETING_VERSION = 1.0;
				PRODUCT_BUNDLE_IDENTIFIER = "com.vanesia.Flashcards-2";
				PRODUCT_NAME = "$(TARGET_NAME)";
				SWIFT_EMIT_LOC_STRINGS = YES;
				SWIFT_VERSION = 5.0;
				TARGETED_DEVICE_FAMILY = "1,2";
			};
			name = Release;
		};
		B27F1F9228EBA20900022323 /* Debug */ = {
			isa = XCBuildConfiguration;
			buildSettings = {
				ALWAYS_EMBED_SWIFT_STANDARD_LIBRARIES = YES;
				BUNDLE_LOADER = "$(TEST_HOST)";
				CODE_SIGN_STYLE = Automatic;
				CURRENT_PROJECT_VERSION = 1;
				GENERATE_INFOPLIST_FILE = YES;
				IPHONEOS_DEPLOYMENT_TARGET = 15.5;
				MARKETING_VERSION = 1.0;
				PRODUCT_BUNDLE_IDENTIFIER = "com.vanesia.Flashcards-2Tests";
				PRODUCT_NAME = "$(TARGET_NAME)";
				SWIFT_EMIT_LOC_STRINGS = NO;
				SWIFT_VERSION = 5.0;
				TARGETED_DEVICE_FAMILY = "1,2";
				TEST_HOST = "$(BUILT_PRODUCTS_DIR)/Flashcards 2.app/Flashcards 2";
			};
			name = Debug;
		};
		B27F1F9328EBA20900022323 /* Release */ = {
			isa = XCBuildConfiguration;
			buildSettings = {
				ALWAYS_EMBED_SWIFT_STANDARD_LIBRARIES = YES;
				BUNDLE_LOADER = "$(TEST_HOST)";
				CODE_SIGN_STYLE = Automatic;
				CURRENT_PROJECT_VERSION = 1;
				GENERATE_INFOPLIST_FILE = YES;
				IPHONEOS_DEPLOYMENT_TARGET = 15.5;
				MARKETING_VERSION = 1.0;
				PRODUCT_BUNDLE_IDENTIFIER = "com.vanesia.Flashcards-2Tests";
				PRODUCT_NAME = "$(TARGET_NAME)";
				SWIFT_EMIT_LOC_STRINGS = NO;
				SWIFT_VERSION = 5.0;
				TARGETED_DEVICE_FAMILY = "1,2";
				TEST_HOST = "$(BUILT_PRODUCTS_DIR)/Flashcards 2.app/Flashcards 2";
			};
			name = Release;
		};
		B27F1F9528EBA20900022323 /* Debug */ = {
			isa = XCBuildConfiguration;
			buildSettings = {
				ALWAYS_EMBED_SWIFT_STANDARD_LIBRARIES = YES;
				CODE_SIGN_STYLE = Automatic;
				CURRENT_PROJECT_VERSION = 1;
				GENERATE_INFOPLIST_FILE = YES;
				MARKETING_VERSION = 1.0;
				PRODUCT_BUNDLE_IDENTIFIER = "com.vanesia.Flashcards-2UITests";
				PRODUCT_NAME = "$(TARGET_NAME)";
				SWIFT_EMIT_LOC_STRINGS = NO;
				SWIFT_VERSION = 5.0;
				TARGETED_DEVICE_FAMILY = "1,2";
				TEST_TARGET_NAME = "Flashcards 2";
			};
			name = Debug;
		};
		B27F1F9628EBA20900022323 /* Release */ = {
			isa = XCBuildConfiguration;
			buildSettings = {
				ALWAYS_EMBED_SWIFT_STANDARD_LIBRARIES = YES;
				CODE_SIGN_STYLE = Automatic;
				CURRENT_PROJECT_VERSION = 1;
				GENERATE_INFOPLIST_FILE = YES;
				MARKETING_VERSION = 1.0;
				PRODUCT_BUNDLE_IDENTIFIER = "com.vanesia.Flashcards-2UITests";
				PRODUCT_NAME = "$(TARGET_NAME)";
				SWIFT_EMIT_LOC_STRINGS = NO;
				SWIFT_VERSION = 5.0;
				TARGETED_DEVICE_FAMILY = "1,2";
				TEST_TARGET_NAME = "Flashcards 2";
			};
			name = Release;
		};
/* End XCBuildConfiguration section */

/* Begin XCConfigurationList section */
		B27F1F5F28EBA20800022323 /* Build configuration list for PBXProject "Flashcards 2" */ = {
			isa = XCConfigurationList;
			buildConfigurations = (
				B27F1F8C28EBA20900022323 /* Debug */,
				B27F1F8D28EBA20900022323 /* Release */,
			);
			defaultConfigurationIsVisible = 0;
			defaultConfigurationName = Release;
		};
		B27F1F8E28EBA20900022323 /* Build configuration list for PBXNativeTarget "Flashcards 2" */ = {
			isa = XCConfigurationList;
			buildConfigurations = (
				B27F1F8F28EBA20900022323 /* Debug */,
				B27F1F9028EBA20900022323 /* Release */,
			);
			defaultConfigurationIsVisible = 0;
			defaultConfigurationName = Release;
		};
		B27F1F9128EBA20900022323 /* Build configuration list for PBXNativeTarget "Flashcards 2Tests" */ = {
			isa = XCConfigurationList;
			buildConfigurations = (
				B27F1F9228EBA20900022323 /* Debug */,
				B27F1F9328EBA20900022323 /* Release */,
			);
			defaultConfigurationIsVisible = 0;
			defaultConfigurationName = Release;
		};
		B27F1F9428EBA20900022323 /* Build configuration list for PBXNativeTarget "Flashcards 2UITests" */ = {
			isa = XCConfigurationList;
			buildConfigurations = (
				B27F1F9528EBA20900022323 /* Debug */,
				B27F1F9628EBA20900022323 /* Release */,
			);
			defaultConfigurationIsVisible = 0;
			defaultConfigurationName = Release;
		};
/* End XCConfigurationList section */
	};
	rootObject = B27F1F5C28EBA20800022323 /* Project object */;
}
